
Microsoft Visual Studio Solution File, Format Version 12.00
# Visual Studio 14
VisualStudioVersion = 14.0.25123.0
MinimumVisualStudioVersion = 10.0.40219.1
Project("{FAE04EC0-301F-11D3-BF4B-00C04F79EFBC}") = "PotapanjeBrodova", "PotapanjeBrodova\PotapanjeBrodova.csproj", "{18321674-C091-4BC8-817D-475418BC4B8E}"
EndProject
Project("{FAE04EC0-301F-11D3-BF4B-00C04F79EFBC}") = "UnitTests", "UnitTests\UnitTests.csproj", "{8462534B-930E-4A4C-8A57-FC895DFFE364}"
EndProject
Project("{2150E333-8FDC-42A3-9474-1A3956D46DE8}") = "Solution Items", "Solution Items", "{D14898F8-D8CE-428D-91D3-74F5E64E22B5}"
	ProjectSection(SolutionItems) = preProject
		Readme.txt = Readme.txt
	EndProjectSection
EndProject
Project("{FAE04EC0-301F-11D3-BF4B-00C04F79EFBC}") = "PrikazFlote", "PrikazFlote\PrikazFlote.csproj", "{D140A108-2C70-4040-98E9-201B6F4CECF0}"
EndProject
Global
	GlobalSection(SolutionConfigurationPlatforms) = preSolution
		Debug|Any CPU = Debug|Any CPU
		Release|Any CPU = Release|Any CPU
	EndGlobalSection
	GlobalSection(ProjectConfigurationPlatforms) = postSolution
		{18321674-C091-4BC8-817D-475418BC4B8E}.Debug|Any CPU.ActiveCfg = Debug|Any CPU
		{18321674-C091-4BC8-817D-475418BC4B8E}.Debug|Any CPU.Build.0 = Debug|Any CPU
		{18321674-C091-4BC8-817D-475418BC4B8E}.Release|Any CPU.ActiveCfg = Release|Any CPU
		{18321674-C091-4BC8-817D-475418BC4B8E}.Release|Any CPU.Build.0 = Release|Any CPU
		{8462534B-930E-4A4C-8A57-FC895DFFE364}.Debug|Any CPU.ActiveCfg = Debug|Any CPU
		{8462534B-930E-4A4C-8A57-FC895DFFE364}.Debug|Any CPU.Build.0 = Debug|Any CPU
		{8462534B-930E-4A4C-8A57-FC895DFFE364}.Release|Any CPU.ActiveCfg = Release|Any CPU
		{8462534B-930E-4A4C-8A57-FC895DFFE364}.Release|Any CPU.Build.0 = Release|Any CPU
		{D140A108-2C70-4040-98E9-201B6F4CECF0}.Debug|Any CPU.ActiveCfg = Debug|Any CPU
		{D140A108-2C70-4040-98E9-201B6F4CECF0}.Debug|Any CPU.Build.0 = Debug|Any CPU
		{D140A108-2C70-4040-98E9-201B6F4CECF0}.Release|Any CPU.ActiveCfg = Release|Any CPU
		{D140A108-2C70-4040-98E9-201B6F4CECF0}.Release|Any CPU.Build.0 = Release|Any CPU
	EndGlobalSection
	GlobalSection(SolutionProperties) = preSolution
		HideSolutionNode = FALSE
	EndGlobalSection
EndGlobal
